
Microsoft Visual Studio Solution File, Format Version 12.00
# Visual Studio Version 16
VisualStudioVersion = 16.0.31605.320
MinimumVisualStudioVersion = 10.0.40219.1
Project("{9A19103F-16F7-4668-BE54-9A1E7A4F7556}") = "Ordering.API", "Services\Ordering\Ordering.API\Ordering.API.csproj", "{DCA9A337-67F4-4A39-BC3B-4E4D76D37249}"
EndProject
Project("{2150E333-8FDC-42A3-9474-1A3956D46DE8}") = "OrderService", "OrderService", "{D04A4C84-80FD-4362-98DC-0C4A3909460B}"
EndProject
Project("{9A19103F-16F7-4668-BE54-9A1E7A4F7556}") = "Ordering.Application", "Services\Ordering\Ordering.Application\Ordering.Application.csproj", "{C9576166-08ED-48F0-8454-6F2BAB42FAA9}"
EndProject
Project("{9A19103F-16F7-4668-BE54-9A1E7A4F7556}") = "Ordering.Domain", "Services\Ordering\Ordering.Domain\Ordering.Domain.csproj", "{DC5510B6-FBA0-43CF-AD29-F9BF2DE13205}"
EndProject
Project("{9A19103F-16F7-4668-BE54-9A1E7A4F7556}") = "Ordering.Infrastructure", "Services\Ordering\Ordering.Infrastructure\Ordering.Infrastructure.csproj", "{11F0CFB2-09D9-4B8E-8FFC-A3AB08DD6B24}"
EndProject
Project("{9A19103F-16F7-4668-BE54-9A1E7A4F7556}") = "EventBus.Messages", "EventBus.Messages\EventBus.Messages.csproj", "{FDDA505A-AB30-4057-AE78-02DDC248433E}"
EndProject
Project("{E53339B2-1760-4266-BCC7-CA923CBCF16C}") = "docker-compose", "docker-compose.dcproj", "{321F11D7-77C3-46F4-A582-990DFEF39077}"
EndProject
Project("{2150E333-8FDC-42A3-9474-1A3956D46DE8}") = "ProductService", "ProductService", "{7CEAA3CA-ADCF-4127-B3D0-5512DD191BED}"
EndProject
Project("{9A19103F-16F7-4668-BE54-9A1E7A4F7556}") = "Product.API", "Services\Product\Product.API\Product.API.csproj", "{B668148F-0EB4-4C1E-80C3-D269AC23C64A}"
EndProject
Project("{9A19103F-16F7-4668-BE54-9A1E7A4F7556}") = "Product.Application", "Services\Product\Product.Application\Product.Application.csproj", "{C2FF76A8-C611-4039-B832-D8B55DC089E9}"
EndProject
Project("{9A19103F-16F7-4668-BE54-9A1E7A4F7556}") = "Product.Domain", "Services\Product\Product.Domain\Product.Domain.csproj", "{E85AEF24-7232-48F6-85D9-FE0ABE775023}"
EndProject
Project("{9A19103F-16F7-4668-BE54-9A1E7A4F7556}") = "Product.Infrastructure", "Services\Product\Product.Infrastructure\Product.Infrastructure.csproj", "{06382FD5-BC5B-43B5-A156-03DAC86890DD}"
EndProject
Project("{2150E333-8FDC-42A3-9474-1A3956D46DE8}") = "Services", "Services", "{BBA5B422-F976-4A6C-8A84-3F2B312B6EDF}"
EndProject
Project("{2150E333-8FDC-42A3-9474-1A3956D46DE8}") = "CustomerService", "CustomerService", "{ACEA3E5C-3E06-4ED6-BD4F-C2944194EBE3}"
EndProject
Project("{9A19103F-16F7-4668-BE54-9A1E7A4F7556}") = "Customer.API", "Services\Customer\Customer.API\Customer.API.csproj", "{18957146-BCC0-4271-8E3F-9D0F76DA7784}"
EndProject
Project("{9A19103F-16F7-4668-BE54-9A1E7A4F7556}") = "Customer.Application", "Services\Customer\Customer.Application\Customer.Application.csproj", "{DB3D4D62-BF2E-4984-B73A-3F085366C1FC}"
EndProject
Project("{9A19103F-16F7-4668-BE54-9A1E7A4F7556}") = "Customer.Domain", "Services\Customer\Customer.Domain\Customer.Domain.csproj", "{C6F4B66D-6637-41DA-9D51-4140D7758015}"
EndProject
Project("{9A19103F-16F7-4668-BE54-9A1E7A4F7556}") = "Customer.Infrastructure", "Services\Customer\Customer.Infrastructure\Customer.Infrastructure.csproj", "{86F38A6F-9502-44C1-A2B4-29DE9C8B7D6E}"
EndProject
Project("{9A19103F-16F7-4668-BE54-9A1E7A4F7556}") = "UnitTtest", "UnitTest\UnitTtest.csproj", "{191326B6-4903-4955-981E-9E437AC1754E}"
EndProject
Global
	GlobalSection(SolutionConfigurationPlatforms) = preSolution
		Debug|Any CPU = Debug|Any CPU
		Release|Any CPU = Release|Any CPU
	EndGlobalSection
	GlobalSection(ProjectConfigurationPlatforms) = postSolution
		{DCA9A337-67F4-4A39-BC3B-4E4D76D37249}.Debug|Any CPU.ActiveCfg = Debug|Any CPU
		{DCA9A337-67F4-4A39-BC3B-4E4D76D37249}.Debug|Any CPU.Build.0 = Debug|Any CPU
		{DCA9A337-67F4-4A39-BC3B-4E4D76D37249}.Release|Any CPU.ActiveCfg = Release|Any CPU
		{DCA9A337-67F4-4A39-BC3B-4E4D76D37249}.Release|Any CPU.Build.0 = Release|Any CPU
		{C9576166-08ED-48F0-8454-6F2BAB42FAA9}.Debug|Any CPU.ActiveCfg = Debug|Any CPU
		{C9576166-08ED-48F0-8454-6F2BAB42FAA9}.Debug|Any CPU.Build.0 = Debug|Any CPU
		{C9576166-08ED-48F0-8454-6F2BAB42FAA9}.Release|Any CPU.ActiveCfg = Release|Any CPU
		{C9576166-08ED-48F0-8454-6F2BAB42FAA9}.Release|Any CPU.Build.0 = Release|Any CPU
		{DC5510B6-FBA0-43CF-AD29-F9BF2DE13205}.Debug|Any CPU.ActiveCfg = Debug|Any CPU
		{DC5510B6-FBA0-43CF-AD29-F9BF2DE13205}.Debug|Any CPU.Build.0 = Debug|Any CPU
		{DC5510B6-FBA0-43CF-AD29-F9BF2DE13205}.Release|Any CPU.ActiveCfg = Release|Any CPU
		{DC5510B6-FBA0-43CF-AD29-F9BF2DE13205}.Release|Any CPU.Build.0 = Release|Any CPU
		{11F0CFB2-09D9-4B8E-8FFC-A3AB08DD6B24}.Debug|Any CPU.ActiveCfg = Debug|Any CPU
		{11F0CFB2-09D9-4B8E-8FFC-A3AB08DD6B24}.Debug|Any CPU.Build.0 = Debug|Any CPU
		{11F0CFB2-09D9-4B8E-8FFC-A3AB08DD6B24}.Release|Any CPU.ActiveCfg = Release|Any CPU
		{11F0CFB2-09D9-4B8E-8FFC-A3AB08DD6B24}.Release|Any CPU.Build.0 = Release|Any CPU
		{FDDA505A-AB30-4057-AE78-02DDC248433E}.Debug|Any CPU.ActiveCfg = Debug|Any CPU
		{FDDA505A-AB30-4057-AE78-02DDC248433E}.Debug|Any CPU.Build.0 = Debug|Any CPU
		{FDDA505A-AB30-4057-AE78-02DDC248433E}.Release|Any CPU.ActiveCfg = Release|Any CPU
		{FDDA505A-AB30-4057-AE78-02DDC248433E}.Release|Any CPU.Build.0 = Release|Any CPU
		{321F11D7-77C3-46F4-A582-990DFEF39077}.Debug|Any CPU.ActiveCfg = Debug|Any CPU
		{321F11D7-77C3-46F4-A582-990DFEF39077}.Debug|Any CPU.Build.0 = Debug|Any CPU
		{321F11D7-77C3-46F4-A582-990DFEF39077}.Release|Any CPU.ActiveCfg = Release|Any CPU
		{321F11D7-77C3-46F4-A582-990DFEF39077}.Release|Any CPU.Build.0 = Release|Any CPU
		{B668148F-0EB4-4C1E-80C3-D269AC23C64A}.Debug|Any CPU.ActiveCfg = Debug|Any CPU
		{B668148F-0EB4-4C1E-80C3-D269AC23C64A}.Debug|Any CPU.Build.0 = Debug|Any CPU
		{B668148F-0EB4-4C1E-80C3-D269AC23C64A}.Release|Any CPU.ActiveCfg = Release|Any CPU
		{B668148F-0EB4-4C1E-80C3-D269AC23C64A}.Release|Any CPU.Build.0 = Release|Any CPU
		{C2FF76A8-C611-4039-B832-D8B55DC089E9}.Debug|Any CPU.ActiveCfg = Debug|Any CPU
		{C2FF76A8-C611-4039-B832-D8B55DC089E9}.Debug|Any CPU.Build.0 = Debug|Any CPU
		{C2FF76A8-C611-4039-B832-D8B55DC089E9}.Release|Any CPU.ActiveCfg = Release|Any CPU
		{C2FF76A8-C611-4039-B832-D8B55DC089E9}.Release|Any CPU.Build.0 = Release|Any CPU
		{E85AEF24-7232-48F6-85D9-FE0ABE775023}.Debug|Any CPU.ActiveCfg = Debug|Any CPU
		{E85AEF24-7232-48F6-85D9-FE0ABE775023}.Debug|Any CPU.Build.0 = Debug|Any CPU
		{E85AEF24-7232-48F6-85D9-FE0ABE775023}.Release|Any CPU.ActiveCfg = Release|Any CPU
		{E85AEF24-7232-48F6-85D9-FE0ABE775023}.Release|Any CPU.Build.0 = Release|Any CPU
		{06382FD5-BC5B-43B5-A156-03DAC86890DD}.Debug|Any CPU.ActiveCfg = Debug|Any CPU
		{06382FD5-BC5B-43B5-A156-03DAC86890DD}.Debug|Any CPU.Build.0 = Debug|Any CPU
		{06382FD5-BC5B-43B5-A156-03DAC86890DD}.Release|Any CPU.ActiveCfg = Release|Any CPU
		{06382FD5-BC5B-43B5-A156-03DAC86890DD}.Release|Any CPU.Build.0 = Release|Any CPU
		{18957146-BCC0-4271-8E3F-9D0F76DA7784}.Debug|Any CPU.ActiveCfg = Debug|Any CPU
		{18957146-BCC0-4271-8E3F-9D0F76DA7784}.Debug|Any CPU.Build.0 = Debug|Any CPU
		{18957146-BCC0-4271-8E3F-9D0F76DA7784}.Release|Any CPU.ActiveCfg = Release|Any CPU
		{18957146-BCC0-4271-8E3F-9D0F76DA7784}.Release|Any CPU.Build.0 = Release|Any CPU
		{DB3D4D62-BF2E-4984-B73A-3F085366C1FC}.Debug|Any CPU.ActiveCfg = Debug|Any CPU
		{DB3D4D62-BF2E-4984-B73A-3F085366C1FC}.Debug|Any CPU.Build.0 = Debug|Any CPU
		{DB3D4D62-BF2E-4984-B73A-3F085366C1FC}.Release|Any CPU.ActiveCfg = Release|Any CPU
		{DB3D4D62-BF2E-4984-B73A-3F085366C1FC}.Release|Any CPU.Build.0 = Release|Any CPU
		{C6F4B66D-6637-41DA-9D51-4140D7758015}.Debug|Any CPU.ActiveCfg = Debug|Any CPU
		{C6F4B66D-6637-41DA-9D51-4140D7758015}.Debug|Any CPU.Build.0 = Debug|Any CPU
		{C6F4B66D-6637-41DA-9D51-4140D7758015}.Release|Any CPU.ActiveCfg = Release|Any CPU
		{C6F4B66D-6637-41DA-9D51-4140D7758015}.Release|Any CPU.Build.0 = Release|Any CPU
		{86F38A6F-9502-44C1-A2B4-29DE9C8B7D6E}.Debug|Any CPU.ActiveCfg = Debug|Any CPU
		{86F38A6F-9502-44C1-A2B4-29DE9C8B7D6E}.Debug|Any CPU.Build.0 = Debug|Any CPU
		{86F38A6F-9502-44C1-A2B4-29DE9C8B7D6E}.Release|Any CPU.ActiveCfg = Release|Any CPU
		{86F38A6F-9502-44C1-A2B4-29DE9C8B7D6E}.Release|Any CPU.Build.0 = Release|Any CPU
		{191326B6-4903-4955-981E-9E437AC1754E}.Debug|Any CPU.ActiveCfg = Debug|Any CPU
		{191326B6-4903-4955-981E-9E437AC1754E}.Debug|Any CPU.Build.0 = Debug|Any CPU
		{191326B6-4903-4955-981E-9E437AC1754E}.Release|Any CPU.ActiveCfg = Release|Any CPU
		{191326B6-4903-4955-981E-9E437AC1754E}.Release|Any CPU.Build.0 = Release|Any CPU
	EndGlobalSection
	GlobalSection(SolutionProperties) = preSolution
		HideSolutionNode = FALSE
	EndGlobalSection
	GlobalSection(NestedProjects) = preSolution
		{DCA9A337-67F4-4A39-BC3B-4E4D76D37249} = {D04A4C84-80FD-4362-98DC-0C4A3909460B}
		{D04A4C84-80FD-4362-98DC-0C4A3909460B} = {BBA5B422-F976-4A6C-8A84-3F2B312B6EDF}
		{C9576166-08ED-48F0-8454-6F2BAB42FAA9} = {D04A4C84-80FD-4362-98DC-0C4A3909460B}
		{DC5510B6-FBA0-43CF-AD29-F9BF2DE13205} = {D04A4C84-80FD-4362-98DC-0C4A3909460B}
		{11F0CFB2-09D9-4B8E-8FFC-A3AB08DD6B24} = {D04A4C84-80FD-4362-98DC-0C4A3909460B}
		{FDDA505A-AB30-4057-AE78-02DDC248433E} = {BBA5B422-F976-4A6C-8A84-3F2B312B6EDF}
		{7CEAA3CA-ADCF-4127-B3D0-5512DD191BED} = {BBA5B422-F976-4A6C-8A84-3F2B312B6EDF}
		{B668148F-0EB4-4C1E-80C3-D269AC23C64A} = {7CEAA3CA-ADCF-4127-B3D0-5512DD191BED}
		{C2FF76A8-C611-4039-B832-D8B55DC089E9} = {7CEAA3CA-ADCF-4127-B3D0-5512DD191BED}
		{E85AEF24-7232-48F6-85D9-FE0ABE775023} = {7CEAA3CA-ADCF-4127-B3D0-5512DD191BED}
		{06382FD5-BC5B-43B5-A156-03DAC86890DD} = {7CEAA3CA-ADCF-4127-B3D0-5512DD191BED}
		{ACEA3E5C-3E06-4ED6-BD4F-C2944194EBE3} = {BBA5B422-F976-4A6C-8A84-3F2B312B6EDF}
		{18957146-BCC0-4271-8E3F-9D0F76DA7784} = {ACEA3E5C-3E06-4ED6-BD4F-C2944194EBE3}
		{DB3D4D62-BF2E-4984-B73A-3F085366C1FC} = {ACEA3E5C-3E06-4ED6-BD4F-C2944194EBE3}
		{C6F4B66D-6637-41DA-9D51-4140D7758015} = {ACEA3E5C-3E06-4ED6-BD4F-C2944194EBE3}
		{86F38A6F-9502-44C1-A2B4-29DE9C8B7D6E} = {ACEA3E5C-3E06-4ED6-BD4F-C2944194EBE3}
		{191326B6-4903-4955-981E-9E437AC1754E} = {BBA5B422-F976-4A6C-8A84-3F2B312B6EDF}
	EndGlobalSection
	GlobalSection(ExtensibilityGlobals) = postSolution
		SolutionGuid = {7853661A-BA9B-480E-B21C-EB6A1C93530E}
	EndGlobalSection
EndGlobal
